<Solution>
  <Folder Name="/AccountManagement/" />
  <Folder Name="/AccountManagement/AM.Application/">
    <Project Path="AccountManagement.Application.Contract/AccountManagement.Application.Contract.csproj" />
    <Project Path="AccountManagement.Application/AccountManagement.Application.csproj" />
  </Folder>
  <Folder Name="/AccountManagement/AM.Domain/">
    <Project Path="AccountManagement.Domain/AccountManagement.Domain.csproj" />
  </Folder>
  <Folder Name="/AccountManagement/AM.Infratructure/">
    <Project Path="AccountManagement.Infrastructure.Configuration/AccountManagement.Infrastructure.Configuration.csproj" />
    <Project Path="AccountManagement.Infrastructure.EFCore/AccountManagement.Infrastructure.EFCore.csproj" />
  </Folder>
  <Folder Name="/BlogManagement/" />
  <Folder Name="/BlogManagement/BM.Application/">
    <Project Path="BlogManagement,Application.Contract/BlogManagement.Application.Contract.csproj" />
    <Project Path="BlogManagement.Application/BlogManagement.Application.csproj" />
  </Folder>
  <Folder Name="/BlogManagement/BM.Domain/">
    <Project Path="BlogManagmenet.Domain/BlogManagement.Domain.csproj" />
  </Folder>
  <Folder Name="/BlogManagement/BM.Infrastructure/">
    <Project Path="BlogManagemenet.Infrastructure.Configuration/BlogManagement.Infrastructure.Configuration.csproj" />
    <Project Path="BlogManagement.Infrastructure/BlogManagement.Infrastructure.EFCore.csproj" />
  </Folder>
  <Folder Name="/CommentManagement/" />
  <Folder Name="/CommentManagement/CM.Application/">
    <Project Path="CommnetManagement.Application.Contracts/CommentManagement.Application.Contracts.csproj" />
    <Project Path="CommnetManagement.Application/CommentManagement.Application.csproj" />
  </Folder>
  <Folder Name="/CommentManagement/CM.Domain/">
    <Project Path="CommentManagement.Domain/CommentManagement.Domain.csproj" />
  </Folder>
  <Folder Name="/CommentManagement/CM.Infrastructure/">
    <Project Path="CommentManagement.Infrastructure.Configuration/CommentManagement.Infrastructure.Configuration.csproj" />
    <Project Path="CommentManagement.Infrastructure.EFCore/CommentManagement.Infrastructure.EFCore.csproj" />
  </Folder>
  <Folder Name="/DiscoutManagement/" />
  <Folder Name="/DiscoutManagement/Dm.Application/">
    <Project Path="DiscountManagmenet.Application.Contracts/DiscountManagement.Application.Contracts.csproj" />
    <Project Path="DiscountManagmenet.Application/DiscountManagement.Application.csproj" />
  </Folder>
  <Folder Name="/DiscoutManagement/DM.Domain/">
    <Project Path="DiscountManagment.Domain/DiscountManagement.Domain.csproj" />
  </Folder>
  <Folder Name="/DiscoutManagement/DM.Infrastructure/">
    <Project Path="DiscountManagmenet.Infrastructure.Configuration/DiscountManagement.Infrastructure.Configuration.csproj" />
    <Project Path="DiscountManagmenet.Infrastructure.EFCore/DiscountManagement.Infrastructure.EFCore.csproj" />
  </Folder>
  <Folder Name="/InventoryManagement/" />
  <Folder Name="/InventoryManagement/IM.Application/">
    <Project Path="InventoryManagement.Application.Contracts/InventoryManagement.Application.Contracts.csproj" />
    <Project Path="InventoryManagement.Application/InventoryManagement.Application.csproj" />
  </Folder>
  <Folder Name="/InventoryManagement/IM.Domain/">
    <Project Path="InventoryManagement.Domain/InventoryManagement.Domain.csproj" />
  </Folder>
  <Folder Name="/InventoryManagement/IM.Infrastructure/">
    <Project Path="InventoryManagement.Infrastructure.Configuration/InventoryManagement.Infrastructure.Configuration.csproj" />
    <Project Path="InventoryManagement.Infrastructure.EFCore/InventoryManagement.Infrastructure.EFCore.csproj" />
  </Folder>
  <Folder Name="/ShopManagement/" />
  <Folder Name="/ShopManagement/SM.Application/">
    <Project Path="ShopManagement.Application/ShopManagement.Application.csproj" />
    <Project Path="ShopManagemnt.Applocation.Contracts/ShopManagement.Application.Contracts.csproj" />
  </Folder>
  <Folder Name="/ShopManagement/SM.Domain/">
    <Project Path="ShopManagementDomain/ShopManagementDomain.csproj" />
  </Folder>
  <Folder Name="/ShopManagement/SM.Infrastructure/">
    <Project Path="ShopManagement.Infrastructure.AccountAcl/ShopManagement.Infrastructure.AccountAcl.csproj" />
    <Project Path="ShopManagement.Infrastructure.InventoryAcl/ShopManagement.Infrastructure.InventoryAcl.csproj" />
    <Project Path="ShopManagment.Infrastructure.Configuration/ShopManagement.Infrastructure.Configuration.csproj" />
    <Project Path="SM.Infrastructure.EFCore/SM.Infrastructure.EFCore.csproj" />
  </Folder>
  <Folder Name="/ShopManagement/SM.Presentation/">
    <Project Path="ShopPresentation/ShopPresentation.csproj" Id="f4e96c0d-df22-4c1f-b394-69bd2030d84d" />
  </Folder>
  <Project Path="0_Framework/0_Framework.csproj" />
  <Project Path="ServiceHost/ServiceHost.csproj" />
  <Project Path="_01_LampshadeQuery/_01_LampshadeQuery.csproj" />
</Solution>